// !$*UTF8*$!
{
	archiveVersion = 1;
	classes = {
	};
	objectVersion = 46;
	objects = {

/* Begin PBXBuildFile section */
		481C256F20C7D28F00A20EEF /* ATPAudioCompressionSession.h in Headers */ = {isa = PBXBuildFile; fileRef = 50BCFE4518F5621C00227FC0 /* ATPAudioCompressionSession.h */; settings = {ATTRIBUTES = (Public, ); }; };
		481C257020C7D29500A20EEF /* ATPAudioConverter.h in Headers */ = {isa = PBXBuildFile; fileRef = 50A0A11018EAEE2400F20799 /* ATPAudioConverter.h */; settings = {ATTRIBUTES = (Public, ); }; };
		481C257120C7D29700A20EEF /* ATPAudioConverter+Properties.h in Headers */ = {isa = PBXBuildFile; fileRef = 50A0A11218EAEE2400F20799 /* ATPAudioConverter+Properties.h */; settings = {ATTRIBUTES = (Public, ); }; };
		481C257220C7D29E00A20EEF /* ATPAudioConverter+PropertiesFromDictionary.h in Headers */ = {isa = PBXBuildFile; fileRef = 50FD86251A3F732B00D804AC /* ATPAudioConverter+PropertiesFromDictionary.h */; settings = {ATTRIBUTES = (Public, ); }; };
		481C257320C7D2A300A20EEF /* NSError+ATPError.h in Headers */ = {isa = PBXBuildFile; fileRef = 50A0A11418EAEE2400F20799 /* NSError+ATPError.h */; settings = {ATTRIBUTES = (Public, ); }; };
		481C257420C7D2A900A20EEF /* NSValue+ATPAudioValueRange.h in Headers */ = {isa = PBXBuildFile; fileRef = 5024F91118EDC6FD00B96639 /* NSValue+ATPAudioValueRange.h */; settings = {ATTRIBUTES = (Public, ); }; };
		481C257520C7D2AF00A20EEF /* TPCircularBuffer.h in Headers */ = {isa = PBXBuildFile; fileRef = 50BCFE4F18F5866000227FC0 /* TPCircularBuffer.h */; settings = {ATTRIBUTES = (Public, ); }; };
		4857226720C669AF00BF6CEC /* AudioToolboxPlus.h in Headers */ = {isa = PBXBuildFile; fileRef = 4857226520C669AF00BF6CEC /* AudioToolboxPlus.h */; settings = {ATTRIBUTES = (Public, ); }; };
		4857226B20C66A1A00BF6CEC /* TPCircularBuffer.c in Sources */ = {isa = PBXBuildFile; fileRef = 50BCFE4E18F5866000227FC0 /* TPCircularBuffer.c */; };
		4857226C20C66A1A00BF6CEC /* TPCircularBuffer+AudioBufferList.c in Sources */ = {isa = PBXBuildFile; fileRef = 50BCFE5118F58C4400227FC0 /* TPCircularBuffer+AudioBufferList.c */; };
		4857226D20C66A2F00BF6CEC /* ATPAudioConverter.m in Sources */ = {isa = PBXBuildFile; fileRef = 50A0A11118EAEE2400F20799 /* ATPAudioConverter.m */; };
		4857226E20C66A2F00BF6CEC /* ATPAudioConverter+Properties.m in Sources */ = {isa = PBXBuildFile; fileRef = 50A0A11318EAEE2400F20799 /* ATPAudioConverter+Properties.m */; };
		4857226F20C66A2F00BF6CEC /* ATPAudioConverter+PropertiesFromDictionary.m in Sources */ = {isa = PBXBuildFile; fileRef = 50FD86261A3F732B00D804AC /* ATPAudioConverter+PropertiesFromDictionary.m */; };
		4857227020C66A2F00BF6CEC /* ATPAudioCompressionSession.m in Sources */ = {isa = PBXBuildFile; fileRef = 50BCFE4618F5621C00227FC0 /* ATPAudioCompressionSession.m */; };
		4857227120C66A2F00BF6CEC /* NSValue+ATPAudioValueRange.m in Sources */ = {isa = PBXBuildFile; fileRef = 5024F91218EDC6FD00B96639 /* NSValue+ATPAudioValueRange.m */; };
		4857227220C66A3600BF6CEC /* NSError+ATPError.m in Sources */ = {isa = PBXBuildFile; fileRef = 50A0A11518EAEE2400F20799 /* NSError+ATPError.m */; };
		50A27C1D1ABC7ADB006B3986 /* AudioToolbox_Tests.m in Sources */ = {isa = PBXBuildFile; fileRef = 50A27C1C1ABC7ADB006B3986 /* AudioToolbox_Tests.m */; };
		50A27C251ABC8390006B3986 /* AudioToolboxPlus_Tests.m in Sources */ = {isa = PBXBuildFile; fileRef = 50A27C241ABC8390006B3986 /* AudioToolboxPlus_Tests.m */; };
/* End PBXBuildFile section */

/* Begin PBXFileReference section */
		4857226320C669AF00BF6CEC /* AudioToolboxPlus.framework */ = {isa = PBXFileReference; explicitFileType = wrapper.framework; includeInIndex = 0; path = AudioToolboxPlus.framework; sourceTree = BUILT_PRODUCTS_DIR; };
		4857226520C669AF00BF6CEC /* AudioToolboxPlus.h */ = {isa = PBXFileReference; lastKnownFileType = sourcecode.c.h; path = AudioToolboxPlus.h; sourceTree = "<group>"; };
		4857226620C669AF00BF6CEC /* Info_template.plist */ = {isa = PBXFileReference; lastKnownFileType = text.plist.xml; path = Info_template.plist; sourceTree = "<group>"; };
		5024F91118EDC6FD00B96639 /* NSValue+ATPAudioValueRange.h */ = {isa = PBXFileReference; fileEncoding = 4; lastKnownFileType = sourcecode.c.h; path = "NSValue+ATPAudioValueRange.h"; sourceTree = "<group>"; };
		5024F91218EDC6FD00B96639 /* NSValue+ATPAudioValueRange.m */ = {isa = PBXFileReference; fileEncoding = 4; lastKnownFileType = sourcecode.c.objc; path = "NSValue+ATPAudioValueRange.m"; sourceTree = "<group>"; };
		50A0A10C18EAEDBE00F20799 /* AudioToolboxPlus-Prefix.pch */ = {isa = PBXFileReference; fileEncoding = 4; lastKnownFileType = sourcecode.c.h; path = "AudioToolboxPlus-Prefix.pch"; sourceTree = "<group>"; };
		50A0A11018EAEE2400F20799 /* ATPAudioConverter.h */ = {isa = PBXFileReference; fileEncoding = 4; lastKnownFileType = sourcecode.c.h; path = ATPAudioConverter.h; sourceTree = "<group>"; };
		50A0A11118EAEE2400F20799 /* ATPAudioConverter.m */ = {isa = PBXFileReference; fileEncoding = 4; lastKnownFileType = sourcecode.c.objc; path = ATPAudioConverter.m; sourceTree = "<group>"; };
		50A0A11218EAEE2400F20799 /* ATPAudioConverter+Properties.h */ = {isa = PBXFileReference; fileEncoding = 4; lastKnownFileType = sourcecode.c.h; path = "ATPAudioConverter+Properties.h"; sourceTree = "<group>"; };
		50A0A11318EAEE2400F20799 /* ATPAudioConverter+Properties.m */ = {isa = PBXFileReference; fileEncoding = 4; lastKnownFileType = sourcecode.c.objc; path = "ATPAudioConverter+Properties.m"; sourceTree = "<group>"; };
		50A0A11418EAEE2400F20799 /* NSError+ATPError.h */ = {isa = PBXFileReference; fileEncoding = 4; lastKnownFileType = sourcecode.c.h; path = "NSError+ATPError.h"; sourceTree = "<group>"; };
		50A0A11518EAEE2400F20799 /* NSError+ATPError.m */ = {isa = PBXFileReference; fileEncoding = 4; lastKnownFileType = sourcecode.c.objc; path = "NSError+ATPError.m"; sourceTree = "<group>"; };
		50A27C181ABC7ADB006B3986 /* AudioToolboxPlus Tests.xctest */ = {isa = PBXFileReference; explicitFileType = wrapper.cfbundle; includeInIndex = 0; path = "AudioToolboxPlus Tests.xctest"; sourceTree = BUILT_PRODUCTS_DIR; };
		50A27C1B1ABC7ADB006B3986 /* Info.plist */ = {isa = PBXFileReference; lastKnownFileType = text.plist.xml; path = Info.plist; sourceTree = "<group>"; };
		50A27C1C1ABC7ADB006B3986 /* AudioToolbox_Tests.m */ = {isa = PBXFileReference; lastKnownFileType = sourcecode.c.objc; path = AudioToolbox_Tests.m; sourceTree = "<group>"; };
		50A27C241ABC8390006B3986 /* AudioToolboxPlus_Tests.m */ = {isa = PBXFileReference; fileEncoding = 4; lastKnownFileType = sourcecode.c.objc; path = AudioToolboxPlus_Tests.m; sourceTree = "<group>"; };
		50BCFE4518F5621C00227FC0 /* ATPAudioCompressionSession.h */ = {isa = PBXFileReference; fileEncoding = 4; lastKnownFileType = sourcecode.c.h; path = ATPAudioCompressionSession.h; sourceTree = "<group>"; };
		50BCFE4618F5621C00227FC0 /* ATPAudioCompressionSession.m */ = {isa = PBXFileReference; fileEncoding = 4; lastKnownFileType = sourcecode.c.objc; path = ATPAudioCompressionSession.m; sourceTree = "<group>"; };
		50BCFE4E18F5866000227FC0 /* TPCircularBuffer.c */ = {isa = PBXFileReference; fileEncoding = 4; lastKnownFileType = sourcecode.c.c; path = TPCircularBuffer.c; sourceTree = "<group>"; };
		50BCFE4F18F5866000227FC0 /* TPCircularBuffer.h */ = {isa = PBXFileReference; fileEncoding = 4; lastKnownFileType = sourcecode.c.h; path = TPCircularBuffer.h; sourceTree = "<group>"; };
		50BCFE5118F58C4400227FC0 /* TPCircularBuffer+AudioBufferList.c */ = {isa = PBXFileReference; fileEncoding = 4; lastKnownFileType = sourcecode.c.c; path = "TPCircularBuffer+AudioBufferList.c"; sourceTree = "<group>"; };
		50BCFE5218F58C4400227FC0 /* TPCircularBuffer+AudioBufferList.h */ = {isa = PBXFileReference; fileEncoding = 4; lastKnownFileType = sourcecode.c.h; path = "TPCircularBuffer+AudioBufferList.h"; sourceTree = "<group>"; };
		50FD86251A3F732B00D804AC /* ATPAudioConverter+PropertiesFromDictionary.h */ = {isa = PBXFileReference; fileEncoding = 4; lastKnownFileType = sourcecode.c.h; path = "ATPAudioConverter+PropertiesFromDictionary.h"; sourceTree = "<group>"; };
		50FD86261A3F732B00D804AC /* ATPAudioConverter+PropertiesFromDictionary.m */ = {isa = PBXFileReference; fileEncoding = 4; lastKnownFileType = sourcecode.c.objc; path = "ATPAudioConverter+PropertiesFromDictionary.m"; sourceTree = "<group>"; };
/* End PBXFileReference section */

/* Begin PBXFrameworksBuildPhase section */
		4857225F20C669AF00BF6CEC /* Frameworks */ = {
			isa = PBXFrameworksBuildPhase;
			buildActionMask = 2147483647;
			files = (
			);
			runOnlyForDeploymentPostprocessing = 0;
		};
		50A27C151ABC7ADB006B3986 /* Frameworks */ = {
			isa = PBXFrameworksBuildPhase;
			buildActionMask = 2147483647;
			files = (
			);
			runOnlyForDeploymentPostprocessing = 0;
		};
/* End PBXFrameworksBuildPhase section */

/* Begin PBXGroup section */
		50A0A0D818EAED5A00F20799 = {
			isa = PBXGroup;
			children = (
				50A0A10B18EAEDB300F20799 /* AudioToolboxPlus */,
				50A27C191ABC7ADB006B3986 /* AudioToolboxPlus Tests */,
				50A0A0E318EAED5A00F20799 /* Frameworks */,
				50A0A0E218EAED5A00F20799 /* Products */,
			);
			sourceTree = "<group>";
		};
		50A0A0E218EAED5A00F20799 /* Products */ = {
			isa = PBXGroup;
			children = (
				50A27C181ABC7ADB006B3986 /* AudioToolboxPlus Tests.xctest */,
				4857226320C669AF00BF6CEC /* AudioToolboxPlus.framework */,
			);
			name = Products;
			sourceTree = "<group>";
		};
		50A0A0E318EAED5A00F20799 /* Frameworks */ = {
			isa = PBXGroup;
			children = (
			);
			name = Frameworks;
			sourceTree = "<group>";
		};
		50A0A10B18EAEDB300F20799 /* AudioToolboxPlus */ = {
			isa = PBXGroup;
			children = (
				50A0A10C18EAEDBE00F20799 /* AudioToolboxPlus-Prefix.pch */,
				4857226520C669AF00BF6CEC /* AudioToolboxPlus.h */,
				50A0A11018EAEE2400F20799 /* ATPAudioConverter.h */,
				50A0A11118EAEE2400F20799 /* ATPAudioConverter.m */,
				50A0A11218EAEE2400F20799 /* ATPAudioConverter+Properties.h */,
				50A0A11318EAEE2400F20799 /* ATPAudioConverter+Properties.m */,
				50FD86251A3F732B00D804AC /* ATPAudioConverter+PropertiesFromDictionary.h */,
				50FD86261A3F732B00D804AC /* ATPAudioConverter+PropertiesFromDictionary.m */,
				50BCFE4518F5621C00227FC0 /* ATPAudioCompressionSession.h */,
				50BCFE4618F5621C00227FC0 /* ATPAudioCompressionSession.m */,
				50A0A11418EAEE2400F20799 /* NSError+ATPError.h */,
				50A0A11518EAEE2400F20799 /* NSError+ATPError.m */,
				5024F91118EDC6FD00B96639 /* NSValue+ATPAudioValueRange.h */,
				5024F91218EDC6FD00B96639 /* NSValue+ATPAudioValueRange.m */,
				50BCFE4F18F5866000227FC0 /* TPCircularBuffer.h */,
				50BCFE4E18F5866000227FC0 /* TPCircularBuffer.c */,
				50BCFE5218F58C4400227FC0 /* TPCircularBuffer+AudioBufferList.h */,
				50BCFE5118F58C4400227FC0 /* TPCircularBuffer+AudioBufferList.c */,
				4857226620C669AF00BF6CEC /* Info_template.plist */,
			);
			name = AudioToolboxPlus;
			sourceTree = "<group>";
		};
		50A27C191ABC7ADB006B3986 /* AudioToolboxPlus Tests */ = {
			isa = PBXGroup;
			children = (
				50A27C1C1ABC7ADB006B3986 /* AudioToolbox_Tests.m */,
				50A27C241ABC8390006B3986 /* AudioToolboxPlus_Tests.m */,
				50A27C1A1ABC7ADB006B3986 /* Supporting Files */,
			);
			path = "AudioToolboxPlus Tests";
			sourceTree = "<group>";
		};
		50A27C1A1ABC7ADB006B3986 /* Supporting Files */ = {
			isa = PBXGroup;
			children = (
				50A27C1B1ABC7ADB006B3986 /* Info.plist */,
			);
			name = "Supporting Files";
			sourceTree = "<group>";
		};
/* End PBXGroup section */

/* Begin PBXHeadersBuildPhase section */
		4857226020C669AF00BF6CEC /* Headers */ = {
			isa = PBXHeadersBuildPhase;
			buildActionMask = 2147483647;
			files = (
				4857226720C669AF00BF6CEC /* AudioToolboxPlus.h in Headers */,
				481C256F20C7D28F00A20EEF /* ATPAudioCompressionSession.h in Headers */,
				481C257020C7D29500A20EEF /* ATPAudioConverter.h in Headers */,
				481C257120C7D29700A20EEF /* ATPAudioConverter+Properties.h in Headers */,
				481C257220C7D29E00A20EEF /* ATPAudioConverter+PropertiesFromDictionary.h in Headers */,
				481C257320C7D2A300A20EEF /* NSError+ATPError.h in Headers */,
				481C257420C7D2A900A20EEF /* NSValue+ATPAudioValueRange.h in Headers */,
				481C257520C7D2AF00A20EEF /* TPCircularBuffer.h in Headers */,
			);
			runOnlyForDeploymentPostprocessing = 0;
		};
/* End PBXHeadersBuildPhase section */

/* Begin PBXNativeTarget section */
		4857226220C669AF00BF6CEC /* AudioToolboxPlus */ = {
			isa = PBXNativeTarget;
			buildConfigurationList = 4857226820C669AF00BF6CEC /* Build configuration list for PBXNativeTarget "AudioToolboxPlus" */;
			buildPhases = (
				4857225E20C669AF00BF6CEC /* Sources */,
				4857225F20C669AF00BF6CEC /* Frameworks */,
				4857226020C669AF00BF6CEC /* Headers */,
				4857226120C669AF00BF6CEC /* Resources */,
			);
			buildRules = (
			);
			dependencies = (
			);
			name = AudioToolboxPlus;
			productName = AudioToolboxPlus;
			productReference = 4857226320C669AF00BF6CEC /* AudioToolboxPlus.framework */;
			productType = "com.apple.product-type.framework";
		};
		50A27C171ABC7ADB006B3986 /* AudioToolboxPlus Tests */ = {
			isa = PBXNativeTarget;
			buildConfigurationList = 50A27C231ABC7ADB006B3986 /* Build configuration list for PBXNativeTarget "AudioToolboxPlus Tests" */;
			buildPhases = (
				50A27C141ABC7ADB006B3986 /* Sources */,
				50A27C151ABC7ADB006B3986 /* Frameworks */,
				50A27C161ABC7ADB006B3986 /* Resources */,
			);
			buildRules = (
			);
			dependencies = (
			);
			name = "AudioToolboxPlus Tests";
			productName = "AudioToolboxPlus Tests";
			productReference = 50A27C181ABC7ADB006B3986 /* AudioToolboxPlus Tests.xctest */;
			productType = "com.apple.product-type.bundle.unit-test";
		};
/* End PBXNativeTarget section */

/* Begin PBXProject section */
		50A0A0D918EAED5A00F20799 /* Project object */ = {
			isa = PBXProject;
			attributes = {
				LastUpgradeCheck = 0940;
				ORGANIZATIONNAME = "Boinx Software Ltd.";
				TargetAttributes = {
					4857226220C669AF00BF6CEC = {
						CreatedOnToolsVersion = 9.4;
						ProvisioningStyle = Automatic;
					};
					50A27C171ABC7ADB006B3986 = {
						CreatedOnToolsVersion = 6.1.1;
					};
				};
			};
			buildConfigurationList = 50A0A0DC18EAED5A00F20799 /* Build configuration list for PBXProject "AudioToolboxPlus-OSX" */;
			compatibilityVersion = "Xcode 3.2";
			developmentRegion = English;
			hasScannedForEncodings = 0;
			knownRegions = (
				en,
			);
			mainGroup = 50A0A0D818EAED5A00F20799;
			productRefGroup = 50A0A0E218EAED5A00F20799 /* Products */;
			projectDirPath = "";
			projectRoot = "";
			targets = (
				4857226220C669AF00BF6CEC /* AudioToolboxPlus */,
				50A27C171ABC7ADB006B3986 /* AudioToolboxPlus Tests */,
			);
		};
/* End PBXProject section */

/* Begin PBXResourcesBuildPhase section */
		4857226120C669AF00BF6CEC /* Resources */ = {
			isa = PBXResourcesBuildPhase;
			buildActionMask = 2147483647;
			files = (
			);
			runOnlyForDeploymentPostprocessing = 0;
		};
		50A27C161ABC7ADB006B3986 /* Resources */ = {
			isa = PBXResourcesBuildPhase;
			buildActionMask = 2147483647;
			files = (
			);
			runOnlyForDeploymentPostprocessing = 0;
		};
/* End PBXResourcesBuildPhase section */

/* Begin PBXSourcesBuildPhase section */
		4857225E20C669AF00BF6CEC /* Sources */ = {
			isa = PBXSourcesBuildPhase;
			buildActionMask = 2147483647;
			files = (
				4857227220C66A3600BF6CEC /* NSError+ATPError.m in Sources */,
				4857226D20C66A2F00BF6CEC /* ATPAudioConverter.m in Sources */,
				4857226E20C66A2F00BF6CEC /* ATPAudioConverter+Properties.m in Sources */,
				4857226F20C66A2F00BF6CEC /* ATPAudioConverter+PropertiesFromDictionary.m in Sources */,
				4857227020C66A2F00BF6CEC /* ATPAudioCompressionSession.m in Sources */,
				4857227120C66A2F00BF6CEC /* NSValue+ATPAudioValueRange.m in Sources */,
				4857226B20C66A1A00BF6CEC /* TPCircularBuffer.c in Sources */,
				4857226C20C66A1A00BF6CEC /* TPCircularBuffer+AudioBufferList.c in Sources */,
			);
			runOnlyForDeploymentPostprocessing = 0;
		};
		50A27C141ABC7ADB006B3986 /* Sources */ = {
			isa = PBXSourcesBuildPhase;
			buildActionMask = 2147483647;
			files = (
				50A27C251ABC8390006B3986 /* AudioToolboxPlus_Tests.m in Sources */,
				50A27C1D1ABC7ADB006B3986 /* AudioToolbox_Tests.m in Sources */,
			);
			runOnlyForDeploymentPostprocessing = 0;
		};
/* End PBXSourcesBuildPhase section */

/* Begin XCBuildConfiguration section */
		4857226920C669AF00BF6CEC /* Debug */ = {
			isa = XCBuildConfiguration;
			buildSettings = {
				CLANG_ANALYZER_NONNULL = YES;
				CLANG_ANALYZER_NUMBER_OBJECT_CONVERSION = YES_AGGRESSIVE;
				CLANG_CXX_LANGUAGE_STANDARD = "gnu++14";
				CLANG_ENABLE_OBJC_WEAK = YES;
				CLANG_WARN_BLOCK_CAPTURE_AUTORELEASING = YES;
				CLANG_WARN_COMMA = YES;
				CLANG_WARN_DEPRECATED_OBJC_IMPLEMENTATIONS = YES;
				CLANG_WARN_DOCUMENTATION_COMMENTS = YES;
				CLANG_WARN_NON_LITERAL_NULL_CONVERSION = YES;
				CLANG_WARN_OBJC_IMPLICIT_RETAIN_SELF = YES;
				CLANG_WARN_OBJC_LITERAL_CONVERSION = YES;
				CLANG_WARN_RANGE_LOOP_ANALYSIS = YES;
				CLANG_WARN_STRICT_PROTOTYPES = YES;
				CLANG_WARN_UNGUARDED_AVAILABILITY = YES_AGGRESSIVE;
				CODE_SIGN_IDENTITY = "-";
				CODE_SIGN_STYLE = Automatic;
				COMBINE_HIDPI_IMAGES = YES;
				CURRENT_PROJECT_VERSION = 1;
				DEBUG_INFORMATION_FORMAT = dwarf;
				DEFINES_MODULE = YES;
				DYLIB_COMPATIBILITY_VERSION = 1;
				DYLIB_CURRENT_VERSION = 1;
				DYLIB_INSTALL_NAME_BASE = "@rpath";
				FRAMEWORK_VERSION = A;
				GCC_C_LANGUAGE_STANDARD = gnu11;
				INFOPLIST_FILE = Info_template.plist;
				INSTALL_PATH = "$(LOCAL_LIBRARY_DIR)/Frameworks";
				LD_RUNPATH_SEARCH_PATHS = "$(inherited) @executable_path/../Frameworks @loader_path/Frameworks";
				MTL_ENABLE_DEBUG_INFO = YES;
				PRODUCT_BUNDLE_IDENTIFIER = com.boinx.AudioToolboxPlus;
				PRODUCT_NAME = "$(TARGET_NAME:c99extidentifier)";
				SKIP_INSTALL = YES;
				VERSIONING_SYSTEM = "apple-generic";
				VERSION_INFO_PREFIX = "";
			};
			name = Debug;
		};
		4857226A20C669AF00BF6CEC /* Release */ = {
			isa = XCBuildConfiguration;
			buildSettings = {
				CLANG_ANALYZER_NONNULL = YES;
				CLANG_ANALYZER_NUMBER_OBJECT_CONVERSION = YES_AGGRESSIVE;
				CLANG_CXX_LANGUAGE_STANDARD = "gnu++14";
				CLANG_ENABLE_OBJC_WEAK = YES;
				CLANG_WARN_BLOCK_CAPTURE_AUTORELEASING = YES;
				CLANG_WARN_COMMA = YES;
				CLANG_WARN_DEPRECATED_OBJC_IMPLEMENTATIONS = YES;
				CLANG_WARN_DOCUMENTATION_COMMENTS = YES;
				CLANG_WARN_NON_LITERAL_NULL_CONVERSION = YES;
				CLANG_WARN_OBJC_IMPLICIT_RETAIN_SELF = YES;
				CLANG_WARN_OBJC_LITERAL_CONVERSION = YES;
				CLANG_WARN_RANGE_LOOP_ANALYSIS = YES;
				CLANG_WARN_STRICT_PROTOTYPES = YES;
				CLANG_WARN_UNGUARDED_AVAILABILITY = YES_AGGRESSIVE;
				CODE_SIGN_IDENTITY = "-";
				CODE_SIGN_STYLE = Automatic;
				COMBINE_HIDPI_IMAGES = YES;
				COPY_PHASE_STRIP = NO;
				CURRENT_PROJECT_VERSION = 1;
				DEFINES_MODULE = YES;
				DYLIB_COMPATIBILITY_VERSION = 1;
				DYLIB_CURRENT_VERSION = 1;
				DYLIB_INSTALL_NAME_BASE = "@rpath";
				FRAMEWORK_VERSION = A;
				GCC_C_LANGUAGE_STANDARD = gnu11;
				INFOPLIST_FILE = Info_template.plist;
				INSTALL_PATH = "$(LOCAL_LIBRARY_DIR)/Frameworks";
				LD_RUNPATH_SEARCH_PATHS = "$(inherited) @executable_path/../Frameworks @loader_path/Frameworks";
				MTL_ENABLE_DEBUG_INFO = NO;
				PRODUCT_BUNDLE_IDENTIFIER = com.boinx.AudioToolboxPlus;
				PRODUCT_NAME = "$(TARGET_NAME:c99extidentifier)";
				SKIP_INSTALL = YES;
				VERSIONING_SYSTEM = "apple-generic";
				VERSION_INFO_PREFIX = "";
			};
			name = Release;
		};
		50A0A10318EAED5A00F20799 /* Debug */ = {
			isa = XCBuildConfiguration;
			buildSettings = {
				ALWAYS_SEARCH_USER_PATHS = NO;
				CLANG_CXX_LANGUAGE_STANDARD = "gnu++0x";
				CLANG_CXX_LIBRARY = "libc++";
				CLANG_ENABLE_MODULES = YES;
				CLANG_ENABLE_OBJC_ARC = YES;
				CLANG_WARN_BOOL_CONVERSION = YES;
				CLANG_WARN_CONSTANT_CONVERSION = YES;
				CLANG_WARN_DIRECT_OBJC_ISA_USAGE = YES_ERROR;
				CLANG_WARN_EMPTY_BODY = YES;
				CLANG_WARN_ENUM_CONVERSION = YES;
				CLANG_WARN_INFINITE_RECURSION = YES;
				CLANG_WARN_INT_CONVERSION = YES;
				CLANG_WARN_OBJC_ROOT_CLASS = YES_ERROR;
				CLANG_WARN_SUSPICIOUS_MOVE = YES;
				CLANG_WARN_UNREACHABLE_CODE = YES;
				CLANG_WARN__DUPLICATE_METHOD_MATCH = YES;
				COPY_PHASE_STRIP = NO;
				ENABLE_STRICT_OBJC_MSGSEND = YES;
				ENABLE_TESTABILITY = YES;
				GCC_C_LANGUAGE_STANDARD = gnu99;
				GCC_DYNAMIC_NO_PIC = NO;
				GCC_ENABLE_OBJC_EXCEPTIONS = YES;
				GCC_NO_COMMON_BLOCKS = YES;
				GCC_OPTIMIZATION_LEVEL = 0;
				GCC_PREPROCESSOR_DEFINITIONS = (
					"DEBUG=1",
					"$(inherited)",
				);
				GCC_SYMBOLS_PRIVATE_EXTERN = NO;
				GCC_WARN_64_TO_32_BIT_CONVERSION = YES;
				GCC_WARN_ABOUT_RETURN_TYPE = YES_ERROR;
				GCC_WARN_UNDECLARED_SELECTOR = YES;
				GCC_WARN_UNINITIALIZED_AUTOS = YES_AGGRESSIVE;
				GCC_WARN_UNUSED_FUNCTION = YES;
				GCC_WARN_UNUSED_VARIABLE = YES;
				MACOSX_DEPLOYMENT_TARGET = 10.9;
				ONLY_ACTIVE_ARCH = YES;
				SDKROOT = macosx;
				SKIP_INSTALL = YES;
			};
			name = Debug;
		};
		50A0A10418EAED5A00F20799 /* Release */ = {
			isa = XCBuildConfiguration;
			buildSettings = {
				ALWAYS_SEARCH_USER_PATHS = NO;
				CLANG_CXX_LANGUAGE_STANDARD = "gnu++0x";
				CLANG_CXX_LIBRARY = "libc++";
				CLANG_ENABLE_MODULES = YES;
				CLANG_ENABLE_OBJC_ARC = YES;
				CLANG_WARN_BOOL_CONVERSION = YES;
				CLANG_WARN_CONSTANT_CONVERSION = YES;
				CLANG_WARN_DIRECT_OBJC_ISA_USAGE = YES_ERROR;
				CLANG_WARN_EMPTY_BODY = YES;
				CLANG_WARN_ENUM_CONVERSION = YES;
				CLANG_WARN_INFINITE_RECURSION = YES;
				CLANG_WARN_INT_CONVERSION = YES;
				CLANG_WARN_OBJC_ROOT_CLASS = YES_ERROR;
				CLANG_WARN_SUSPICIOUS_MOVE = YES;
				CLANG_WARN_UNREACHABLE_CODE = YES;
				CLANG_WARN__DUPLICATE_METHOD_MATCH = YES;
				COPY_PHASE_STRIP = YES;
				DEBUG_INFORMATION_FORMAT = "dwarf-with-dsym";
				ENABLE_NS_ASSERTIONS = NO;
				ENABLE_STRICT_OBJC_MSGSEND = YES;
				GCC_C_LANGUAGE_STANDARD = gnu99;
				GCC_ENABLE_OBJC_EXCEPTIONS = YES;
				GCC_NO_COMMON_BLOCKS = YES;
				GCC_WARN_64_TO_32_BIT_CONVERSION = YES;
				GCC_WARN_ABOUT_RETURN_TYPE = YES_ERROR;
				GCC_WARN_UNDECLARED_SELECTOR = YES;
				GCC_WARN_UNINITIALIZED_AUTOS = YES_AGGRESSIVE;
				GCC_WARN_UNUSED_FUNCTION = YES;
				GCC_WARN_UNUSED_VARIABLE = YES;
				MACOSX_DEPLOYMENT_TARGET = 10.9;
				SDKROOT = macosx;
				SKIP_INSTALL = YES;
			};
			name = Release;
		};
		50A27C211ABC7ADB006B3986 /* Debug */ = {
			isa = XCBuildConfiguration;
			buildSettings = {
				CLANG_WARN_UNREACHABLE_CODE = YES;
				COMBINE_HIDPI_IMAGES = YES;
				ENABLE_STRICT_OBJC_MSGSEND = YES;
				FRAMEWORK_SEARCH_PATHS = (
					"$(DEVELOPER_FRAMEWORKS_DIR)",
					"$(inherited)",
				);
				GCC_PREPROCESSOR_DEFINITIONS = (
					"DEBUG=1",
					"$(inherited)",
				);
				INFOPLIST_FILE = "AudioToolboxPlus Tests/Info.plist";
				LD_RUNPATH_SEARCH_PATHS = "$(inherited) @executable_path/../Frameworks @loader_path/../Frameworks";
				MACOSX_DEPLOYMENT_TARGET = 10.10;
				MTL_ENABLE_DEBUG_INFO = YES;
				OTHER_LDFLAGS = (
					"-ObjC",
					"-all_load",
				);
				PRODUCT_BUNDLE_IDENTIFIER = "de.mczonk.$(PRODUCT_NAME:rfc1034identifier)";
				PRODUCT_NAME = "$(TARGET_NAME)";
			};
			name = Debug;
		};
		50A27C221ABC7ADB006B3986 /* Release */ = {
			isa = XCBuildConfiguration;
			buildSettings = {
				CLANG_WARN_UNREACHABLE_CODE = YES;
				COMBINE_HIDPI_IMAGES = YES;
				ENABLE_STRICT_OBJC_MSGSEND = YES;
				FRAMEWORK_SEARCH_PATHS = (
					"$(DEVELOPER_FRAMEWORKS_DIR)",
					"$(inherited)",
				);
				INFOPLIST_FILE = "AudioToolboxPlus Tests/Info.plist";
				LD_RUNPATH_SEARCH_PATHS = "$(inherited) @executable_path/../Frameworks @loader_path/../Frameworks";
				MACOSX_DEPLOYMENT_TARGET = 10.10;
				MTL_ENABLE_DEBUG_INFO = NO;
				OTHER_LDFLAGS = (
					"-ObjC",
					"-all_load",
				);
				PRODUCT_BUNDLE_IDENTIFIER = "de.mczonk.$(PRODUCT_NAME:rfc1034identifier)";
				PRODUCT_NAME = "$(TARGET_NAME)";
			};
			name = Release;
		};
/* End XCBuildConfiguration section */

/* Begin XCConfigurationList section */
		4857226820C669AF00BF6CEC /* Build configuration list for PBXNativeTarget "AudioToolboxPlus" */ = {
			isa = XCConfigurationList;
			buildConfigurations = (
				4857226920C669AF00BF6CEC /* Debug */,
				4857226A20C669AF00BF6CEC /* Release */,
			);
			defaultConfigurationIsVisible = 0;
			defaultConfigurationName = Release;
		};
		50A0A0DC18EAED5A00F20799 /* Build configuration list for PBXProject "AudioToolboxPlus-OSX" */ = {
			isa = XCConfigurationList;
			buildConfigurations = (
				50A0A10318EAED5A00F20799 /* Debug */,
				50A0A10418EAED5A00F20799 /* Release */,
			);
			defaultConfigurationIsVisible = 0;
			defaultConfigurationName = Release;
		};
		50A27C231ABC7ADB006B3986 /* Build configuration list for PBXNativeTarget "AudioToolboxPlus Tests" */ = {
			isa = XCConfigurationList;
			buildConfigurations = (
				50A27C211ABC7ADB006B3986 /* Debug */,
				50A27C221ABC7ADB006B3986 /* Release */,
			);
			defaultConfigurationIsVisible = 0;
			defaultConfigurationName = Release;
		};
/* End XCConfigurationList section */
	};
	rootObject = 50A0A0D918EAED5A00F20799 /* Project object */;
}
