// !$*UTF8*$!
{
	archiveVersion = 1;
	classes = {
	};
	objectVersion = 46;
	objects = {

/* Begin PBXBuildFile section */
		95DB8F561E7BED6500130EED /* TPCircularBuffer.c in Sources */ = {isa = PBXBuildFile; fileRef = 95DB8F521E7BED6500130EED /* TPCircularBuffer.c */; };
		95DB8F571E7BED6500130EED /* TPCircularBuffer+AudioBufferList.c in Sources */ = {isa = PBXBuildFile; fileRef = 95DB8F541E7BED6500130EED /* TPCircularBuffer+AudioBufferList.c */; };
		B6BD11611DDDD76E00505E9F /* ATPAudioConverter.m in Sources */ = {isa = PBXBuildFile; fileRef = 50A0A11118EAEE2400F20799 /* ATPAudioConverter.m */; };
		B6BD11621DDDD76E00505E9F /* ATPAudioConverter+Properties.m in Sources */ = {isa = PBXBuildFile; fileRef = 50A0A11318EAEE2400F20799 /* ATPAudioConverter+Properties.m */; };
		B6BD11631DDDD76E00505E9F /* ATPAudioConverter+PropertiesFromDictionary.m in Sources */ = {isa = PBXBuildFile; fileRef = 50FD86261A3F732B00D804AC /* ATPAudioConverter+PropertiesFromDictionary.m */; };
		B6BD11641DDDD76E00505E9F /* ATPAudioCompressionSession.m in Sources */ = {isa = PBXBuildFile; fileRef = 50BCFE4618F5621C00227FC0 /* ATPAudioCompressionSession.m */; };
		B6BD11651DDDD76E00505E9F /* NSError+ATPError.m in Sources */ = {isa = PBXBuildFile; fileRef = 50A0A11518EAEE2400F20799 /* NSError+ATPError.m */; };
		B6BD11661DDDD76E00505E9F /* NSValue+ATPAudioValueRange.m in Sources */ = {isa = PBXBuildFile; fileRef = 5024F91218EDC6FD00B96639 /* NSValue+ATPAudioValueRange.m */; };
/* End PBXBuildFile section */

/* Begin PBXFileReference section */
		5024F91118EDC6FD00B96639 /* NSValue+ATPAudioValueRange.h */ = {isa = PBXFileReference; fileEncoding = 4; lastKnownFileType = sourcecode.c.h; path = "NSValue+ATPAudioValueRange.h"; sourceTree = "<group>"; };
		5024F91218EDC6FD00B96639 /* NSValue+ATPAudioValueRange.m */ = {isa = PBXFileReference; fileEncoding = 4; lastKnownFileType = sourcecode.c.objc; path = "NSValue+ATPAudioValueRange.m"; sourceTree = "<group>"; };
		50A0A10C18EAEDBE00F20799 /* AudioToolboxPlus-Prefix.pch */ = {isa = PBXFileReference; fileEncoding = 4; lastKnownFileType = sourcecode.c.h; path = "AudioToolboxPlus-Prefix.pch"; sourceTree = "<group>"; };
		50A0A10D18EAEDBE00F20799 /* AudioToolboxPlus.h */ = {isa = PBXFileReference; fileEncoding = 4; lastKnownFileType = sourcecode.c.h; path = AudioToolboxPlus.h; sourceTree = "<group>"; };
		50A0A11018EAEE2400F20799 /* ATPAudioConverter.h */ = {isa = PBXFileReference; fileEncoding = 4; lastKnownFileType = sourcecode.c.h; path = ATPAudioConverter.h; sourceTree = "<group>"; };
		50A0A11118EAEE2400F20799 /* ATPAudioConverter.m */ = {isa = PBXFileReference; fileEncoding = 4; lastKnownFileType = sourcecode.c.objc; path = ATPAudioConverter.m; sourceTree = "<group>"; };
		50A0A11218EAEE2400F20799 /* ATPAudioConverter+Properties.h */ = {isa = PBXFileReference; fileEncoding = 4; lastKnownFileType = sourcecode.c.h; path = "ATPAudioConverter+Properties.h"; sourceTree = "<group>"; };
		50A0A11318EAEE2400F20799 /* ATPAudioConverter+Properties.m */ = {isa = PBXFileReference; fileEncoding = 4; lastKnownFileType = sourcecode.c.objc; path = "ATPAudioConverter+Properties.m"; sourceTree = "<group>"; };
		50A0A11418EAEE2400F20799 /* NSError+ATPError.h */ = {isa = PBXFileReference; fileEncoding = 4; lastKnownFileType = sourcecode.c.h; path = "NSError+ATPError.h"; sourceTree = "<group>"; };
		50A0A11518EAEE2400F20799 /* NSError+ATPError.m */ = {isa = PBXFileReference; fileEncoding = 4; lastKnownFileType = sourcecode.c.objc; path = "NSError+ATPError.m"; sourceTree = "<group>"; };
		50A27C1B1ABC7ADB006B3986 /* Info.plist */ = {isa = PBXFileReference; lastKnownFileType = text.plist.xml; path = Info.plist; sourceTree = "<group>"; };
		50A27C1C1ABC7ADB006B3986 /* AudioToolbox_Tests.m */ = {isa = PBXFileReference; lastKnownFileType = sourcecode.c.objc; path = AudioToolbox_Tests.m; sourceTree = "<group>"; };
		50A27C241ABC8390006B3986 /* AudioToolboxPlus_Tests.m */ = {isa = PBXFileReference; fileEncoding = 4; lastKnownFileType = sourcecode.c.objc; path = AudioToolboxPlus_Tests.m; sourceTree = "<group>"; };
		50BCFE4518F5621C00227FC0 /* ATPAudioCompressionSession.h */ = {isa = PBXFileReference; fileEncoding = 4; lastKnownFileType = sourcecode.c.h; path = ATPAudioCompressionSession.h; sourceTree = "<group>"; };
		50BCFE4618F5621C00227FC0 /* ATPAudioCompressionSession.m */ = {isa = PBXFileReference; fileEncoding = 4; lastKnownFileType = sourcecode.c.objc; path = ATPAudioCompressionSession.m; sourceTree = "<group>"; };
		50FD86251A3F732B00D804AC /* ATPAudioConverter+PropertiesFromDictionary.h */ = {isa = PBXFileReference; fileEncoding = 4; lastKnownFileType = sourcecode.c.h; path = "ATPAudioConverter+PropertiesFromDictionary.h"; sourceTree = "<group>"; };
		50FD86261A3F732B00D804AC /* ATPAudioConverter+PropertiesFromDictionary.m */ = {isa = PBXFileReference; fileEncoding = 4; lastKnownFileType = sourcecode.c.objc; path = "ATPAudioConverter+PropertiesFromDictionary.m"; sourceTree = "<group>"; };
		95DB8F521E7BED6500130EED /* TPCircularBuffer.c */ = {isa = PBXFileReference; fileEncoding = 4; lastKnownFileType = sourcecode.c.c; path = TPCircularBuffer.c; sourceTree = "<group>"; };
		95DB8F531E7BED6500130EED /* TPCircularBuffer.h */ = {isa = PBXFileReference; fileEncoding = 4; lastKnownFileType = sourcecode.c.h; path = TPCircularBuffer.h; sourceTree = "<group>"; };
		95DB8F541E7BED6500130EED /* TPCircularBuffer+AudioBufferList.c */ = {isa = PBXFileReference; fileEncoding = 4; lastKnownFileType = sourcecode.c.c; path = "TPCircularBuffer+AudioBufferList.c"; sourceTree = "<group>"; };
		95DB8F551E7BED6500130EED /* TPCircularBuffer+AudioBufferList.h */ = {isa = PBXFileReference; fileEncoding = 4; lastKnownFileType = sourcecode.c.h; path = "TPCircularBuffer+AudioBufferList.h"; sourceTree = "<group>"; };
		B6BD11581DDDD75800505E9F /* libAudioToolboxPlus.a */ = {isa = PBXFileReference; explicitFileType = archive.ar; includeInIndex = 0; path = libAudioToolboxPlus.a; sourceTree = BUILT_PRODUCTS_DIR; };
/* End PBXFileReference section */

/* Begin PBXGroup section */
		50A0A0D818EAED5A00F20799 = {
			isa = PBXGroup;
			children = (
				50A0A10B18EAEDB300F20799 /* AudioToolboxPlus */,
				50A27C191ABC7ADB006B3986 /* AudioToolboxPlus Tests */,
				50A0A0E318EAED5A00F20799 /* Frameworks */,
				50A0A0E218EAED5A00F20799 /* Products */,
			);
			sourceTree = "<group>";
		};
		50A0A0E218EAED5A00F20799 /* Products */ = {
			isa = PBXGroup;
			children = (
				B6BD11581DDDD75800505E9F /* libAudioToolboxPlus.a */,
			);
			name = Products;
			sourceTree = "<group>";
		};
		50A0A0E318EAED5A00F20799 /* Frameworks */ = {
			isa = PBXGroup;
			children = (
			);
			name = Frameworks;
			sourceTree = "<group>";
		};
		50A0A10B18EAEDB300F20799 /* AudioToolboxPlus */ = {
			isa = PBXGroup;
			children = (
				50A0A10C18EAEDBE00F20799 /* AudioToolboxPlus-Prefix.pch */,
				50A0A10D18EAEDBE00F20799 /* AudioToolboxPlus.h */,
				50A0A11018EAEE2400F20799 /* ATPAudioConverter.h */,
				50A0A11118EAEE2400F20799 /* ATPAudioConverter.m */,
				50A0A11218EAEE2400F20799 /* ATPAudioConverter+Properties.h */,
				50A0A11318EAEE2400F20799 /* ATPAudioConverter+Properties.m */,
				50FD86251A3F732B00D804AC /* ATPAudioConverter+PropertiesFromDictionary.h */,
				50FD86261A3F732B00D804AC /* ATPAudioConverter+PropertiesFromDictionary.m */,
				50BCFE4518F5621C00227FC0 /* ATPAudioCompressionSession.h */,
				50BCFE4618F5621C00227FC0 /* ATPAudioCompressionSession.m */,
				50A0A11418EAEE2400F20799 /* NSError+ATPError.h */,
				50A0A11518EAEE2400F20799 /* NSError+ATPError.m */,
				5024F91118EDC6FD00B96639 /* NSValue+ATPAudioValueRange.h */,
				5024F91218EDC6FD00B96639 /* NSValue+ATPAudioValueRange.m */,
				95DB8F521E7BED6500130EED /* TPCircularBuffer.c */,
				95DB8F531E7BED6500130EED /* TPCircularBuffer.h */,
				95DB8F541E7BED6500130EED /* TPCircularBuffer+AudioBufferList.c */,
				95DB8F551E7BED6500130EED /* TPCircularBuffer+AudioBufferList.h */,
			);
			name = AudioToolboxPlus;
			sourceTree = "<group>";
		};
		50A27C191ABC7ADB006B3986 /* AudioToolboxPlus Tests */ = {
			isa = PBXGroup;
			children = (
				50A27C1C1ABC7ADB006B3986 /* AudioToolbox_Tests.m */,
				50A27C241ABC8390006B3986 /* AudioToolboxPlus_Tests.m */,
				50A27C1A1ABC7ADB006B3986 /* Supporting Files */,
			);
			path = "AudioToolboxPlus Tests";
			sourceTree = "<group>";
		};
		50A27C1A1ABC7ADB006B3986 /* Supporting Files */ = {
			isa = PBXGroup;
			children = (
				50A27C1B1ABC7ADB006B3986 /* Info.plist */,
			);
			name = "Supporting Files";
			sourceTree = "<group>";
		};
/* End PBXGroup section */

/* Begin PBXNativeTarget section */
		B6BD11571DDDD75800505E9F /* AudioToolboxPlus */ = {
			isa = PBXNativeTarget;
			buildConfigurationList = B6BD115E1DDDD75800505E9F /* Build configuration list for PBXNativeTarget "AudioToolboxPlus" */;
			buildPhases = (
				B6BD11541DDDD75800505E9F /* Sources */,
			);
			buildRules = (
			);
			dependencies = (
			);
			name = AudioToolboxPlus;
			productName = AudioToolboxPlus;
			productReference = B6BD11581DDDD75800505E9F /* libAudioToolboxPlus.a */;
			productType = "com.apple.product-type.library.static";
		};
/* End PBXNativeTarget section */

/* Begin PBXProject section */
		50A0A0D918EAED5A00F20799 /* Project object */ = {
			isa = PBXProject;
			attributes = {
				LastUpgradeCheck = 0940;
				ORGANIZATIONNAME = McZonk;
				TargetAttributes = {
					B6BD11571DDDD75800505E9F = {
						CreatedOnToolsVersion = 8.1;
						DevelopmentTeam = 6372P8EH2J;
						ProvisioningStyle = Automatic;
					};
				};
			};
			buildConfigurationList = 50A0A0DC18EAED5A00F20799 /* Build configuration list for PBXProject "AudioToolboxPlus-iOS" */;
			compatibilityVersion = "Xcode 3.2";
			developmentRegion = English;
			hasScannedForEncodings = 0;
			knownRegions = (
				en,
			);
			mainGroup = 50A0A0D818EAED5A00F20799;
			productRefGroup = 50A0A0E218EAED5A00F20799 /* Products */;
			projectDirPath = "";
			projectRoot = "";
			targets = (
				B6BD11571DDDD75800505E9F /* AudioToolboxPlus */,
			);
		};
/* End PBXProject section */

/* Begin PBXSourcesBuildPhase section */
		B6BD11541DDDD75800505E9F /* Sources */ = {
			isa = PBXSourcesBuildPhase;
			buildActionMask = 2147483647;
			files = (
				95DB8F561E7BED6500130EED /* TPCircularBuffer.c in Sources */,
				B6BD11611DDDD76E00505E9F /* ATPAudioConverter.m in Sources */,
				B6BD11621DDDD76E00505E9F /* ATPAudioConverter+Properties.m in Sources */,
				B6BD11631DDDD76E00505E9F /* ATPAudioConverter+PropertiesFromDictionary.m in Sources */,
				B6BD11641DDDD76E00505E9F /* ATPAudioCompressionSession.m in Sources */,
				95DB8F571E7BED6500130EED /* TPCircularBuffer+AudioBufferList.c in Sources */,
				B6BD11651DDDD76E00505E9F /* NSError+ATPError.m in Sources */,
				B6BD11661DDDD76E00505E9F /* NSValue+ATPAudioValueRange.m in Sources */,
			);
			runOnlyForDeploymentPostprocessing = 0;
		};
/* End PBXSourcesBuildPhase section */

/* Begin XCBuildConfiguration section */
		50A0A10318EAED5A00F20799 /* Debug */ = {
			isa = XCBuildConfiguration;
			buildSettings = {
				ALWAYS_SEARCH_USER_PATHS = NO;
				CLANG_CXX_LANGUAGE_STANDARD = "gnu++0x";
				CLANG_CXX_LIBRARY = "libc++";
				CLANG_ENABLE_MODULES = YES;
				CLANG_ENABLE_OBJC_ARC = YES;
				CLANG_WARN_BOOL_CONVERSION = YES;
				CLANG_WARN_CONSTANT_CONVERSION = YES;
				CLANG_WARN_DIRECT_OBJC_ISA_USAGE = YES_ERROR;
				CLANG_WARN_EMPTY_BODY = YES;
				CLANG_WARN_ENUM_CONVERSION = YES;
				CLANG_WARN_INFINITE_RECURSION = YES;
				CLANG_WARN_INT_CONVERSION = YES;
				CLANG_WARN_OBJC_ROOT_CLASS = YES_ERROR;
				CLANG_WARN_SUSPICIOUS_MOVE = YES;
				CLANG_WARN_UNREACHABLE_CODE = YES;
				CLANG_WARN__DUPLICATE_METHOD_MATCH = YES;
				COPY_PHASE_STRIP = NO;
				ENABLE_STRICT_OBJC_MSGSEND = YES;
				ENABLE_TESTABILITY = YES;
				GCC_C_LANGUAGE_STANDARD = gnu99;
				GCC_DYNAMIC_NO_PIC = NO;
				GCC_ENABLE_OBJC_EXCEPTIONS = YES;
				GCC_NO_COMMON_BLOCKS = YES;
				GCC_OPTIMIZATION_LEVEL = 0;
				GCC_PREPROCESSOR_DEFINITIONS = (
					"DEBUG=1",
					"$(inherited)",
				);
				GCC_SYMBOLS_PRIVATE_EXTERN = NO;
				GCC_WARN_64_TO_32_BIT_CONVERSION = YES;
				GCC_WARN_ABOUT_RETURN_TYPE = YES_ERROR;
				GCC_WARN_UNDECLARED_SELECTOR = YES;
				GCC_WARN_UNINITIALIZED_AUTOS = YES_AGGRESSIVE;
				GCC_WARN_UNUSED_FUNCTION = YES;
				GCC_WARN_UNUSED_VARIABLE = YES;
				IPHONEOS_DEPLOYMENT_TARGET = 10.0;
				ONLY_ACTIVE_ARCH = YES;
				SDKROOT = iphoneos;
				SKIP_INSTALL = YES;
			};
			name = Debug;
		};
		50A0A10418EAED5A00F20799 /* Release */ = {
			isa = XCBuildConfiguration;
			buildSettings = {
				ALWAYS_SEARCH_USER_PATHS = NO;
				CLANG_CXX_LANGUAGE_STANDARD = "gnu++0x";
				CLANG_CXX_LIBRARY = "libc++";
				CLANG_ENABLE_MODULES = YES;
				CLANG_ENABLE_OBJC_ARC = YES;
				CLANG_WARN_BOOL_CONVERSION = YES;
				CLANG_WARN_CONSTANT_CONVERSION = YES;
				CLANG_WARN_DIRECT_OBJC_ISA_USAGE = YES_ERROR;
				CLANG_WARN_EMPTY_BODY = YES;
				CLANG_WARN_ENUM_CONVERSION = YES;
				CLANG_WARN_INFINITE_RECURSION = YES;
				CLANG_WARN_INT_CONVERSION = YES;
				CLANG_WARN_OBJC_ROOT_CLASS = YES_ERROR;
				CLANG_WARN_SUSPICIOUS_MOVE = YES;
				CLANG_WARN_UNREACHABLE_CODE = YES;
				CLANG_WARN__DUPLICATE_METHOD_MATCH = YES;
				COPY_PHASE_STRIP = YES;
				DEBUG_INFORMATION_FORMAT = "dwarf-with-dsym";
				ENABLE_NS_ASSERTIONS = NO;
				ENABLE_STRICT_OBJC_MSGSEND = YES;
				GCC_C_LANGUAGE_STANDARD = gnu99;
				GCC_ENABLE_OBJC_EXCEPTIONS = YES;
				GCC_NO_COMMON_BLOCKS = YES;
				GCC_WARN_64_TO_32_BIT_CONVERSION = YES;
				GCC_WARN_ABOUT_RETURN_TYPE = YES_ERROR;
				GCC_WARN_UNDECLARED_SELECTOR = YES;
				GCC_WARN_UNINITIALIZED_AUTOS = YES_AGGRESSIVE;
				GCC_WARN_UNUSED_FUNCTION = YES;
				GCC_WARN_UNUSED_VARIABLE = YES;
				IPHONEOS_DEPLOYMENT_TARGET = 10.0;
				SDKROOT = iphoneos;
				SKIP_INSTALL = YES;
			};
			name = Release;
		};
		B6BD115F1DDDD75800505E9F /* Debug */ = {
			isa = XCBuildConfiguration;
			buildSettings = {
				APPLICATION_EXTENSION_API_ONLY = YES;
				CLANG_ANALYZER_NONNULL = YES;
				CLANG_WARN_DOCUMENTATION_COMMENTS = YES;
				CLANG_WARN_INFINITE_RECURSION = YES;
				CLANG_WARN_SUSPICIOUS_MOVES = YES;
				CLANG_WARN_UNREACHABLE_CODE = YES;
				"CODE_SIGN_IDENTITY[sdk=iphoneos*]" = "iPhone Developer";
				DEBUG_INFORMATION_FORMAT = dwarf;
				DEVELOPMENT_TEAM = 6372P8EH2J;
				ENABLE_STRICT_OBJC_MSGSEND = YES;
				GCC_NO_COMMON_BLOCKS = YES;
				MTL_ENABLE_DEBUG_INFO = YES;
				OTHER_LDFLAGS = "-ObjC";
				PRODUCT_NAME = "$(TARGET_NAME)";
				SDKROOT = iphoneos;
				SKIP_INSTALL = YES;
			};
			name = Debug;
		};
		B6BD11601DDDD75800505E9F /* Release */ = {
			isa = XCBuildConfiguration;
			buildSettings = {
				APPLICATION_EXTENSION_API_ONLY = YES;
				CLANG_ANALYZER_NONNULL = YES;
				CLANG_WARN_DOCUMENTATION_COMMENTS = YES;
				CLANG_WARN_INFINITE_RECURSION = YES;
				CLANG_WARN_SUSPICIOUS_MOVES = YES;
				CLANG_WARN_UNREACHABLE_CODE = YES;
				"CODE_SIGN_IDENTITY[sdk=iphoneos*]" = "iPhone Developer";
				COPY_PHASE_STRIP = NO;
				DEVELOPMENT_TEAM = 6372P8EH2J;
				ENABLE_STRICT_OBJC_MSGSEND = YES;
				GCC_NO_COMMON_BLOCKS = YES;
				MTL_ENABLE_DEBUG_INFO = NO;
				OTHER_LDFLAGS = "-ObjC";
				PRODUCT_NAME = "$(TARGET_NAME)";
				SDKROOT = iphoneos;
				SKIP_INSTALL = YES;
				VALIDATE_PRODUCT = YES;
			};
			name = Release;
		};
/* End XCBuildConfiguration section */

/* Begin XCConfigurationList section */
		50A0A0DC18EAED5A00F20799 /* Build configuration list for PBXProject "AudioToolboxPlus-iOS" */ = {
			isa = XCConfigurationList;
			buildConfigurations = (
				50A0A10318EAED5A00F20799 /* Debug */,
				50A0A10418EAED5A00F20799 /* Release */,
			);
			defaultConfigurationIsVisible = 0;
			defaultConfigurationName = Release;
		};
		B6BD115E1DDDD75800505E9F /* Build configuration list for PBXNativeTarget "AudioToolboxPlus" */ = {
			isa = XCConfigurationList;
			buildConfigurations = (
				B6BD115F1DDDD75800505E9F /* Debug */,
				B6BD11601DDDD75800505E9F /* Release */,
			);
			defaultConfigurationIsVisible = 0;
			defaultConfigurationName = Release;
		};
/* End XCConfigurationList section */
	};
	rootObject = 50A0A0D918EAED5A00F20799 /* Project object */;
}
